GIT
  remote: https://github.com/tadd/osis2html5.git
  revision: be40e3dbd7e7c6988332e3d2647deda25aea6ca7
  specs:
    osis2html5 (0.1.1)
      nokogiri (> 0)
      parallel (> 0)

GEM
  remote: https://rubygems.org/
  specs:
    mini_portile2 (2.8.9)
    nokogiri (1.19.1)
      mini_portile2 (~> 2.8.2)
      racc (~> 1.4)
    parallel (1.27.0)
    racc (1.8.1)
    rake (13.3.1)

PLATFORMS
  ruby

DEPENDENCIES
  osis2html5!
  rake

BUNDLED WITH
  4.0.6
